github.com/tomoyanonymous/hugo-micromorph v1.0.0 h1:yLTPilYxKbRmVliX8jwBNUJzi53CIk50PSVqgF5fXfc=
github.com/tomoyanonymous/hugo-micromorph v1.0.0/go.mod h1:KT3INsr1IVTcEazTHXOIybqnE1jB6JTJRAeXBY71FQ8=
github.com/tomoyanonymous/hugo-theme-tomoya-2023 v1.0.7 h1:CDeO/RmUzxTYnv5wLk6IiNz+Q985sFS4ce0A2THO/1Q=
github.com/tomoyanonymous/hugo-theme-tomoya-2023 v1.0.7/go.mod h1:Kj2H1Gs816twQvjSwXFEwLmkS+Jcd1ZExOr3hnHYr8I=
github.com/tomoyanonymous/hugo-theme-tomoya-2023 v1.0.8 h1:KTjSeIIHyBOpI1217GbTBGB4q5ybZh/dBDk4DalmH84=
github.com/tomoyanonymous/hugo-theme-tomoya-2023 v1.0.8/go.mod h1:Kj2H1Gs816twQvjSwXFEwLmkS+Jcd1ZExOr3hnHYr8I=
github.com/tomoyanonymous/hugo-theme-tomoya-2023 v1.0.9 h1:95ThamYW7rkwsF0I5Ju+036b+ODKuJs8zZKLeyLXjR8=
github.com/tomoyanonymous/hugo-theme-tomoya-2023 v1.0.9/go.mod h1:Kj2H1Gs816twQvjSwXFEwLmkS+Jcd1ZExOr3hnHYr8I=
github.com/tomoyanonymous/hugo-theme-tomoya-2023 v1.0.10 h1:l1yxleWAHBcRtgsnN0l5NEgIwLllwV7HntbHU78vsTg=
github.com/tomoyanonymous/hugo-theme-tomoya-2023 v1.0.10/go.mod h1:Kj2H1Gs816twQvjSwXFEwLmkS+Jcd1ZExOr3hnHYr8I=
